
Microsoft Visual Studio Solution File, Format Version 12.00
# Visual Studio Version 16
VisualStudioVersion = 16.0.31515.178
MinimumVisualStudioVersion = 10.0.40219.1
Project("{8BC9CEB8-8B4A-11D0-8D11-00A0C91BC942}") = "SeventhApp", "SeventhApp.vcxproj", "{7D39E080-63BE-475F-B083-C3F414DCE72C}"
EndProject
Global
	GlobalSection(SolutionConfigurationPlatforms) = preSolution
		Debug|x64 = Debug|x64
		Debug|x86 = Debug|x86
		Release|x64 = Release|x64
		Release|x86 = Release|x86
	EndGlobalSection
	GlobalSection(ProjectConfigurationPlatforms) = postSolution
		{7D39E080-63BE-475F-B083-C3F414DCE72C}.Debug|x64.ActiveCfg = Debug|x64
		{7D39E080-63BE-475F-B083-C3F414DCE72C}.Debug|x64.Build.0 = Debug|x64
		{7D39E080-63BE-475F-B083-C3F414DCE72C}.Debug|x86.ActiveCfg = Debug|Win32
		{7D39E080-63BE-475F-B083-C3F414DCE72C}.Debug|x86.Build.0 = Debug|Win32
		{7D39E080-63BE-475F-B083-C3F414DCE72C}.Release|x64.ActiveCfg = Release|x64
		{7D39E080-63BE-475F-B083-C3F414DCE72C}.Release|x64.Build.0 = Release|x64
		{7D39E080-63BE-475F-B083-C3F414DCE72C}.Release|x86.ActiveCfg = Release|Win32
		{7D39E080-63BE-475F-B083-C3F414DCE72C}.Release|x86.Build.0 = Release|Win32
	EndGlobalSection
	GlobalSection(SolutionProperties) = preSolution
		HideSolutionNode = FALSE
	EndGlobalSection
	GlobalSection(ExtensibilityGlobals) = postSolution
		SolutionGuid = {C47D0285-CB25-46F4-A1AC-F1968132CD02}
	EndGlobalSection
EndGlobal
